// !$*UTF8*$!
{
	archiveVersion = 1;
	classes = {
	};
	objectVersion = 46;
	objects = {

/* Begin PBXBuildFile section */
		DF10FD7E15FDA6ED0037B3D1 /* SFTPChannel.cpp in Sources */ = {isa = PBXBuildFile; fileRef = DF10FD7D15FDA6ED0037B3D1 /* SFTPChannel.cpp */; };
		DF4C0E931540F7E800882746 /* SCPChannel.cpp in Sources */ = {isa = PBXBuildFile; fileRef = DF4C0E921540F7E800882746 /* SCPChannel.cpp */; };
		DF4C0E971540FA0900882746 /* SSHChannel.cpp in Sources */ = {isa = PBXBuildFile; fileRef = DF4C0E961540FA0900882746 /* SSHChannel.cpp */; };
		DF897420153E39850067BE5D /* SSHSession.cpp in Sources */ = {isa = PBXBuildFile; fileRef = DF89741F153E39850067BE5D /* SSHSession.cpp */; };
		DF897422153E39970067BE5D /* main.cpp in Sources */ = {isa = PBXBuildFile; fileRef = DF897421153E39970067BE5D /* main.cpp */; };
		DF897424153E40F30067BE5D /* libssh.4.2.2.dylib in Frameworks */ = {isa = PBXBuildFile; fileRef = DF897423153E40F30067BE5D /* libssh.4.2.2.dylib */; };
		DFB54A6B15452C1E00FC07C0 /* libboost_filesystem-mt.dylib in Frameworks */ = {isa = PBXBuildFile; fileRef = DFB54A6915452C1E00FC07C0 /* libboost_filesystem-mt.dylib */; };
		DFB54A6C15452C1E00FC07C0 /* libboost_system-mt.dylib in Frameworks */ = {isa = PBXBuildFile; fileRef = DFB54A6A15452C1E00FC07C0 /* libboost_system-mt.dylib */; };
/* End PBXBuildFile section */

/* Begin PBXCopyFilesBuildPhase section */
		DFAE4078153D6ABA00D43554 /* CopyFiles */ = {
			isa = PBXCopyFilesBuildPhase;
			buildActionMask = 2147483647;
			dstPath = /usr/share/man/man1/;
			dstSubfolderSpec = 0;
			files = (
			);
			runOnlyForDeploymentPostprocessing = 1;
		};
/* End PBXCopyFilesBuildPhase section */

/* Begin PBXFileReference section */
		DF10FD7D15FDA6ED0037B3D1 /* SFTPChannel.cpp */ = {isa = PBXFileReference; fileEncoding = 4; lastKnownFileType = sourcecode.cpp.cpp; name = SFTPChannel.cpp; path = develop/src/SFTPChannel.cpp; sourceTree = "<group>"; };
		DF10FD8015FDB60A0037B3D1 /* SFTPChannel.h */ = {isa = PBXFileReference; fileEncoding = 4; lastKnownFileType = sourcecode.c.h; name = SFTPChannel.h; path = develop/include/SFTPChannel.h; sourceTree = "<group>"; };
		DF44C5BE153F99FA00B5F71F /* SSHSession.h */ = {isa = PBXFileReference; fileEncoding = 4; lastKnownFileType = sourcecode.c.h; name = SSHSession.h; path = develop/include/SSHSession.h; sourceTree = "<group>"; };
		DF4C0E921540F7E800882746 /* SCPChannel.cpp */ = {isa = PBXFileReference; fileEncoding = 4; lastKnownFileType = sourcecode.cpp.cpp; name = SCPChannel.cpp; path = develop/src/SCPChannel.cpp; sourceTree = "<group>"; };
		DF4C0E961540FA0900882746 /* SSHChannel.cpp */ = {isa = PBXFileReference; fileEncoding = 4; lastKnownFileType = sourcecode.cpp.cpp; name = SSHChannel.cpp; path = develop/src/SSHChannel.cpp; sourceTree = "<group>"; };
		DF4C0E981540FB0F00882746 /* SCPChannel.h */ = {isa = PBXFileReference; fileEncoding = 4; lastKnownFileType = sourcecode.c.h; name = SCPChannel.h; path = develop/include/SCPChannel.h; sourceTree = "<group>"; };
		DF4C0E991540FB0F00882746 /* SSHChannel.h */ = {isa = PBXFileReference; fileEncoding = 4; lastKnownFileType = sourcecode.c.h; name = SSHChannel.h; path = develop/include/SSHChannel.h; sourceTree = "<group>"; };
		DF89741F153E39850067BE5D /* SSHSession.cpp */ = {isa = PBXFileReference; fileEncoding = 4; lastKnownFileType = sourcecode.cpp.cpp; name = SSHSession.cpp; path = develop/src/SSHSession.cpp; sourceTree = "<group>"; };
		DF897421153E39970067BE5D /* main.cpp */ = {isa = PBXFileReference; fileEncoding = 4; lastKnownFileType = sourcecode.cpp.cpp; path = main.cpp; sourceTree = "<group>"; };
		DF897423153E40F30067BE5D /* libssh.4.2.2.dylib */ = {isa = PBXFileReference; lastKnownFileType = "compiled.mach-o.dylib"; name = libssh.4.2.2.dylib; path = ../../../../../opt/local/lib/libssh.4.2.2.dylib; sourceTree = "<group>"; };
		DF8A48961548E14000A99FD5 /* SSHHostList.h */ = {isa = PBXFileReference; fileEncoding = 4; lastKnownFileType = sourcecode.c.h; name = SSHHostList.h; path = develop/include/SSHHostList.h; sourceTree = "<group>"; };
		DFAE407A153D6ABA00D43554 /* scp */ = {isa = PBXFileReference; explicitFileType = "compiled.mach-o.executable"; includeInIndex = 0; path = scp; sourceTree = BUILT_PRODUCTS_DIR; };
		DFB54A6615452BEE00FC07C0 /* libboost_system-mt.a */ = {isa = PBXFileReference; lastKnownFileType = archive.ar; name = "libboost_system-mt.a"; path = "../../../../../opt/local/lib/libboost_system-mt.a"; sourceTree = "<group>"; };
		DFB54A6915452C1E00FC07C0 /* libboost_filesystem-mt.dylib */ = {isa = PBXFileReference; lastKnownFileType = "compiled.mach-o.dylib"; name = "libboost_filesystem-mt.dylib"; path = "../../../../../opt/local/lib/libboost_filesystem-mt.dylib"; sourceTree = "<group>"; };
		DFB54A6A15452C1E00FC07C0 /* libboost_system-mt.dylib */ = {isa = PBXFileReference; lastKnownFileType = "compiled.mach-o.dylib"; name = "libboost_system-mt.dylib"; path = "../../../../../opt/local/lib/libboost_system-mt.dylib"; sourceTree = "<group>"; };
/* End PBXFileReference section */

/* Begin PBXFrameworksBuildPhase section */
		DFAE4077153D6ABA00D43554 /* Frameworks */ = {
			isa = PBXFrameworksBuildPhase;
			buildActionMask = 2147483647;
			files = (
				DFB54A6B15452C1E00FC07C0 /* libboost_filesystem-mt.dylib in Frameworks */,
				DFB54A6C15452C1E00FC07C0 /* libboost_system-mt.dylib in Frameworks */,
				DF897424153E40F30067BE5D /* libssh.4.2.2.dylib in Frameworks */,
			);
			runOnlyForDeploymentPostprocessing = 0;
		};
/* End PBXFrameworksBuildPhase section */

/* Begin PBXGroup section */
		DF4C0E951540F84500882746 /* develop */ = {
			isa = PBXGroup;
			children = (
				DF10FD8015FDB60A0037B3D1 /* SFTPChannel.h */,
				DF10FD7D15FDA6ED0037B3D1 /* SFTPChannel.cpp */,
				DF8A48961548E14000A99FD5 /* SSHHostList.h */,
				DF4C0E981540FB0F00882746 /* SCPChannel.h */,
				DF4C0E991540FB0F00882746 /* SSHChannel.h */,
				DF44C5BE153F99FA00B5F71F /* SSHSession.h */,
				DF4C0E961540FA0900882746 /* SSHChannel.cpp */,
				DF89741F153E39850067BE5D /* SSHSession.cpp */,
				DF4C0E921540F7E800882746 /* SCPChannel.cpp */,
			);
			name = develop;
			sourceTree = "<group>";
		};
		DFAE406F153D6ABA00D43554 = {
			isa = PBXGroup;
			children = (
				DFB54A6915452C1E00FC07C0 /* libboost_filesystem-mt.dylib */,
				DFB54A6A15452C1E00FC07C0 /* libboost_system-mt.dylib */,
				DFB54A6615452BEE00FC07C0 /* libboost_system-mt.a */,
				DF897423153E40F30067BE5D /* libssh.4.2.2.dylib */,
				DFAE407D153D6ABA00D43554 /* scp */,
				DFAE407B153D6ABA00D43554 /* Products */,
			);
			sourceTree = "<group>";
		};
		DFAE407B153D6ABA00D43554 /* Products */ = {
			isa = PBXGroup;
			children = (
				DFAE407A153D6ABA00D43554 /* scp */,
			);
			name = Products;
			sourceTree = "<group>";
		};
		DFAE407D153D6ABA00D43554 /* scp */ = {
			isa = PBXGroup;
			children = (
				DF897421153E39970067BE5D /* main.cpp */,
				DF4C0E951540F84500882746 /* develop */,
			);
			path = scp;
			sourceTree = "<group>";
		};
/* End PBXGroup section */

/* Begin PBXNativeTarget section */
		DFAE4079153D6ABA00D43554 /* scp */ = {
			isa = PBXNativeTarget;
			buildConfigurationList = DFAE4084153D6ABA00D43554 /* Build configuration list for PBXNativeTarget "scp" */;
			buildPhases = (
				DFAE4076153D6ABA00D43554 /* Sources */,
				DFAE4077153D6ABA00D43554 /* Frameworks */,
				DFAE4078153D6ABA00D43554 /* CopyFiles */,
			);
			buildRules = (
			);
			dependencies = (
			);
			name = scp;
			productName = scp;
			productReference = DFAE407A153D6ABA00D43554 /* scp */;
			productType = "com.apple.product-type.tool";
		};
/* End PBXNativeTarget section */

/* Begin PBXProject section */
		DFAE4071153D6ABA00D43554 /* Project object */ = {
			isa = PBXProject;
			attributes = {
				LastUpgradeCheck = 0450;
				ORGANIZATIONNAME = "yielding@gmail.com";
			};
			buildConfigurationList = DFAE4074153D6ABA00D43554 /* Build configuration list for PBXProject "scp" */;
			compatibilityVersion = "Xcode 3.2";
			developmentRegion = English;
			hasScannedForEncodings = 0;
			knownRegions = (
				en,
			);
			mainGroup = DFAE406F153D6ABA00D43554;
			productRefGroup = DFAE407B153D6ABA00D43554 /* Products */;
			projectDirPath = "";
			projectRoot = "";
			targets = (
				DFAE4079153D6ABA00D43554 /* scp */,
			);
		};
/* End PBXProject section */

/* Begin PBXSourcesBuildPhase section */
		DFAE4076153D6ABA00D43554 /* Sources */ = {
			isa = PBXSourcesBuildPhase;
			buildActionMask = 2147483647;
			files = (
				DF897420153E39850067BE5D /* SSHSession.cpp in Sources */,
				DF897422153E39970067BE5D /* main.cpp in Sources */,
				DF4C0E931540F7E800882746 /* SCPChannel.cpp in Sources */,
				DF4C0E971540FA0900882746 /* SSHChannel.cpp in Sources */,
				DF10FD7E15FDA6ED0037B3D1 /* SFTPChannel.cpp in Sources */,
			);
			runOnlyForDeploymentPostprocessing = 0;
		};
/* End PBXSourcesBuildPhase section */

/* Begin XCBuildConfiguration section */
		DFAE4082153D6ABA00D43554 /* Debug */ = {
			isa = XCBuildConfiguration;
			buildSettings = {
				ALWAYS_SEARCH_USER_PATHS = YES;
				ARCHS = "$(ARCHS_STANDARD_64_BIT)";
				CLANG_CXX_LANGUAGE_STANDARD = "gnu++0x";
				CLANG_CXX_LIBRARY = "libstdc++";
				COPY_PHASE_STRIP = NO;
				GCC_C_LANGUAGE_STANDARD = gnu99;
				GCC_DYNAMIC_NO_PIC = NO;
				GCC_ENABLE_OBJC_EXCEPTIONS = NO;
				GCC_OPTIMIZATION_LEVEL = 0;
				GCC_PREPROCESSOR_DEFINITIONS = (
					"DEBUG=1",
					"$(inherited)",
				);
				GCC_SYMBOLS_PRIVATE_EXTERN = NO;
				GCC_VERSION = com.apple.compilers.llvm.clang.1_0;
				GCC_WARN_64_TO_32_BIT_CONVERSION = YES;
				GCC_WARN_ABOUT_RETURN_TYPE = YES;
				GCC_WARN_UNINITIALIZED_AUTOS = YES;
				GCC_WARN_UNUSED_VARIABLE = YES;
				HEADER_SEARCH_PATHS = /opt/local/include;
				MACOSX_DEPLOYMENT_TARGET = 10.8;
				ONLY_ACTIVE_ARCH = YES;
				SDKROOT = macosx;
				USER_HEADER_SEARCH_PATHS = "./scp ./scp/develop/include";
				VALID_ARCHS = x86_64;
			};
			name = Debug;
		};
		DFAE4083153D6ABA00D43554 /* Release */ = {
			isa = XCBuildConfiguration;
			buildSettings = {
				ALWAYS_SEARCH_USER_PATHS = YES;
				ARCHS = "$(ARCHS_STANDARD_64_BIT)";
				CLANG_CXX_LANGUAGE_STANDARD = "gnu++0x";
				CLANG_CXX_LIBRARY = "libstdc++";
				COPY_PHASE_STRIP = YES;
				DEBUG_INFORMATION_FORMAT = "dwarf-with-dsym";
				GCC_C_LANGUAGE_STANDARD = gnu99;
				GCC_ENABLE_OBJC_EXCEPTIONS = NO;
				GCC_VERSION = com.apple.compilers.llvm.clang.1_0;
				GCC_WARN_64_TO_32_BIT_CONVERSION = YES;
				GCC_WARN_ABOUT_RETURN_TYPE = YES;
				GCC_WARN_UNINITIALIZED_AUTOS = YES;
				GCC_WARN_UNUSED_VARIABLE = YES;
				HEADER_SEARCH_PATHS = /opt/local/include;
				MACOSX_DEPLOYMENT_TARGET = 10.8;
				SDKROOT = macosx;
				USER_HEADER_SEARCH_PATHS = "./scp ./scp/develop/include";
				VALID_ARCHS = x86_64;
			};
			name = Release;
		};
		DFAE4085153D6ABA00D43554 /* Debug */ = {
			isa = XCBuildConfiguration;
			buildSettings = {
				LIBRARY_SEARCH_PATHS = (
					"$(inherited)",
					/opt/local/lib,
				);
				PRODUCT_NAME = "$(TARGET_NAME)";
			};
			name = Debug;
		};
		DFAE4086153D6ABA00D43554 /* Release */ = {
			isa = XCBuildConfiguration;
			buildSettings = {
				LIBRARY_SEARCH_PATHS = (
					"$(inherited)",
					/opt/local/lib,
				);
				PRODUCT_NAME = "$(TARGET_NAME)";
			};
			name = Release;
		};
/* End XCBuildConfiguration section */

/* Begin XCConfigurationList section */
		DFAE4074153D6ABA00D43554 /* Build configuration list for PBXProject "scp" */ = {
			isa = XCConfigurationList;
			buildConfigurations = (
				DFAE4082153D6ABA00D43554 /* Debug */,
				DFAE4083153D6ABA00D43554 /* Release */,
			);
			defaultConfigurationIsVisible = 0;
			defaultConfigurationName = Release;
		};
		DFAE4084153D6ABA00D43554 /* Build configuration list for PBXNativeTarget "scp" */ = {
			isa = XCConfigurationList;
			buildConfigurations = (
				DFAE4085153D6ABA00D43554 /* Debug */,
				DFAE4086153D6ABA00D43554 /* Release */,
			);
			defaultConfigurationIsVisible = 0;
			defaultConfigurationName = Release;
		};
/* End XCConfigurationList section */
	};
	rootObject = DFAE4071153D6ABA00D43554 /* Project object */;
}
