// !$*UTF8*$!
{
	archiveVersion = 1;
	classes = {
	};
	objectVersion = 46;
	objects = {

/* Begin PBXBuildFile section */
		DF14A28D15EB6928008DB3A4 /* SCFG.cpp in Sources */ = {isa = PBXBuildFile; fileRef = DF14A28C15EB6928008DB3A4 /* SCFG.cpp */; };
		DF2BA37815C288430075F300 /* libboost_filesystem-mt.a in Frameworks */ = {isa = PBXBuildFile; fileRef = DF2BA37615C288430075F300 /* libboost_filesystem-mt.a */; };
		DF2BA37915C288430075F300 /* libboost_system-mt.a in Frameworks */ = {isa = PBXBuildFile; fileRef = DF2BA37715C288430075F300 /* libboost_system-mt.a */; };
		DF3FC02F15ECC16100E4328D /* NANDUtil.cpp in Sources */ = {isa = PBXBuildFile; fileRef = DF3FC02E15ECC16100E4328D /* NANDUtil.cpp */; };
		DF431A0915BCD5C800226580 /* PListParser.cpp in Sources */ = {isa = PBXBuildFile; fileRef = DF431A0815BCD5C800226580 /* PListParser.cpp */; };
		DF6DC156161EB0C000513DC7 /* VSVFL.cpp in Sources */ = {isa = PBXBuildFile; fileRef = DF6DC155161EB0C000513DC7 /* VSVFL.cpp */; };
		DF8E086A15BD3CE000C7C163 /* NANDImageRemote.cpp in Sources */ = {isa = PBXBuildFile; fileRef = DF8E086715BD3CE000C7C163 /* NANDImageRemote.cpp */; };
		DF8E086B15BD3CE000C7C163 /* NANDImageFlat.cpp in Sources */ = {isa = PBXBuildFile; fileRef = DF8E086815BD3CE000C7C163 /* NANDImageFlat.cpp */; };
		DF8E086C15BD3CE000C7C163 /* ByteBuffer.cpp in Sources */ = {isa = PBXBuildFile; fileRef = DF8E086915BD3CE000C7C163 /* ByteBuffer.cpp */; };
		DF95133115E3185500AE90E2 /* EffaceableLocker.cpp in Sources */ = {isa = PBXBuildFile; fileRef = DF95133015E3185500AE90E2 /* EffaceableLocker.cpp */; };
		DF9D58781635609500295AB9 /* VFLBase.cpp in Sources */ = {isa = PBXBuildFile; fileRef = DF9D58771635609500295AB9 /* VFLBase.cpp */; };
		DF9E026A1622C41F00022874 /* YAFTL.cpp in Sources */ = {isa = PBXBuildFile; fileRef = DF9E02691622C41F00022874 /* YAFTL.cpp */; };
		DF9F235A15E4A68900CC0A5C /* libz.a in Frameworks */ = {isa = PBXBuildFile; fileRef = DF9F235915E4A68900CC0A5C /* libz.a */; };
		DFA2F6AC15CB663C0019C60F /* NAND.cpp in Sources */ = {isa = PBXBuildFile; fileRef = DFA2F6AB15CB663C0019C60F /* NAND.cpp */; };
		DFA2F6AF15CB69600019C60F /* DeviceInfo.cpp in Sources */ = {isa = PBXBuildFile; fileRef = DFA2F6AE15CB69600019C60F /* DeviceInfo.cpp */; };
		DFC0F4CD15CFA6D600F12B19 /* libb64.a in Frameworks */ = {isa = PBXBuildFile; fileRef = DFC0F4CC15CFA6D600F12B19 /* libb64.a */; };
		DFCBEAAC15DDCE310088C5C0 /* AES.cpp in Sources */ = {isa = PBXBuildFile; fileRef = DFCBEAAB15DDCE310088C5C0 /* AES.cpp */; };
		DFCBEAB015DDCEA20088C5C0 /* libcrypto.a in Frameworks */ = {isa = PBXBuildFile; fileRef = DFCBEAAF15DDCEA20088C5C0 /* libcrypto.a */; };
		DFCED53215B6760700D8CDAF /* main.cpp in Sources */ = {isa = PBXBuildFile; fileRef = DFCED53115B6760700D8CDAF /* main.cpp */; };
		DFCED53415B6760700D8CDAF /* nand.1 in CopyFiles */ = {isa = PBXBuildFile; fileRef = DFCED53315B6760700D8CDAF /* nand.1 */; };
/* End PBXBuildFile section */

/* Begin PBXCopyFilesBuildPhase section */
		DFCED52B15B6760700D8CDAF /* CopyFiles */ = {
			isa = PBXCopyFilesBuildPhase;
			buildActionMask = 2147483647;
			dstPath = /usr/share/man/man1/;
			dstSubfolderSpec = 0;
			files = (
				DFCED53415B6760700D8CDAF /* nand.1 in CopyFiles */,
			);
			runOnlyForDeploymentPostprocessing = 1;
		};
/* End PBXCopyFilesBuildPhase section */

/* Begin PBXFileReference section */
		DF14A28C15EB6928008DB3A4 /* SCFG.cpp */ = {isa = PBXFileReference; fileEncoding = 4; lastKnownFileType = sourcecode.cpp.cpp; name = SCFG.cpp; path = develop/src/SCFG.cpp; sourceTree = "<group>"; };
		DF2BA37615C288430075F300 /* libboost_filesystem-mt.a */ = {isa = PBXFileReference; lastKnownFileType = archive.ar; name = "libboost_filesystem-mt.a"; path = "../../../../../opt/local/lib/libboost_filesystem-mt.a"; sourceTree = "<group>"; };
		DF2BA37715C288430075F300 /* libboost_system-mt.a */ = {isa = PBXFileReference; lastKnownFileType = archive.ar; name = "libboost_system-mt.a"; path = "../../../../../opt/local/lib/libboost_system-mt.a"; sourceTree = "<group>"; };
		DF3FC02E15ECC16100E4328D /* NANDUtil.cpp */ = {isa = PBXFileReference; fileEncoding = 4; lastKnownFileType = sourcecode.cpp.cpp; name = NANDUtil.cpp; path = develop/src/NANDUtil.cpp; sourceTree = "<group>"; };
		DF431A0815BCD5C800226580 /* PListParser.cpp */ = {isa = PBXFileReference; fileEncoding = 4; lastKnownFileType = sourcecode.cpp.cpp; name = PListParser.cpp; path = develop/src/PListParser.cpp; sourceTree = "<group>"; };
		DF431A0A15BCD5E400226580 /* PListParser.h */ = {isa = PBXFileReference; fileEncoding = 4; lastKnownFileType = sourcecode.c.h; name = PListParser.h; path = develop/include/PListParser.h; sourceTree = "<group>"; };
		DF6DC155161EB0C000513DC7 /* VSVFL.cpp */ = {isa = PBXFileReference; fileEncoding = 4; lastKnownFileType = sourcecode.cpp.cpp; name = VSVFL.cpp; path = develop/src/VSVFL.cpp; sourceTree = "<group>"; };
		DF8E086715BD3CE000C7C163 /* NANDImageRemote.cpp */ = {isa = PBXFileReference; fileEncoding = 4; lastKnownFileType = sourcecode.cpp.cpp; name = NANDImageRemote.cpp; path = develop/src/NANDImageRemote.cpp; sourceTree = "<group>"; };
		DF8E086815BD3CE000C7C163 /* NANDImageFlat.cpp */ = {isa = PBXFileReference; fileEncoding = 4; lastKnownFileType = sourcecode.cpp.cpp; name = NANDImageFlat.cpp; path = develop/src/NANDImageFlat.cpp; sourceTree = "<group>"; };
		DF8E086915BD3CE000C7C163 /* ByteBuffer.cpp */ = {isa = PBXFileReference; fileEncoding = 4; lastKnownFileType = sourcecode.cpp.cpp; name = ByteBuffer.cpp; path = develop/src/ByteBuffer.cpp; sourceTree = "<group>"; };
		DF95133015E3185500AE90E2 /* EffaceableLocker.cpp */ = {isa = PBXFileReference; fileEncoding = 4; lastKnownFileType = sourcecode.cpp.cpp; name = EffaceableLocker.cpp; path = develop/src/EffaceableLocker.cpp; sourceTree = "<group>"; };
		DF9D58751635608800295AB9 /* VFLBase.h */ = {isa = PBXFileReference; fileEncoding = 4; lastKnownFileType = sourcecode.c.h; name = VFLBase.h; path = develop/include/VFLBase.h; sourceTree = "<group>"; };
		DF9D58771635609500295AB9 /* VFLBase.cpp */ = {isa = PBXFileReference; fileEncoding = 4; lastKnownFileType = sourcecode.cpp.cpp; name = VFLBase.cpp; path = develop/src/VFLBase.cpp; sourceTree = "<group>"; };
		DF9E02691622C41F00022874 /* YAFTL.cpp */ = {isa = PBXFileReference; fileEncoding = 4; lastKnownFileType = sourcecode.cpp.cpp; name = YAFTL.cpp; path = develop/src/YAFTL.cpp; sourceTree = "<group>"; };
		DF9E026C1622C42D00022874 /* VSVFL.h */ = {isa = PBXFileReference; fileEncoding = 4; lastKnownFileType = sourcecode.c.h; name = VSVFL.h; path = develop/include/VSVFL.h; sourceTree = "<group>"; };
		DF9E026D1622C42D00022874 /* YAFTL.h */ = {isa = PBXFileReference; fileEncoding = 4; lastKnownFileType = sourcecode.c.h; name = YAFTL.h; path = develop/include/YAFTL.h; sourceTree = "<group>"; };
		DF9F235915E4A68900CC0A5C /* libz.a */ = {isa = PBXFileReference; lastKnownFileType = archive.ar; name = libz.a; path = ../../../../../opt/local/lib/libz.a; sourceTree = "<group>"; };
		DF9F235C15E4B06E00CC0A5C /* EffaceableLocker.h */ = {isa = PBXFileReference; fileEncoding = 4; lastKnownFileType = sourcecode.c.h; name = EffaceableLocker.h; path = develop/include/EffaceableLocker.h; sourceTree = "<group>"; };
		DFA2F6AB15CB663C0019C60F /* NAND.cpp */ = {isa = PBXFileReference; fileEncoding = 4; lastKnownFileType = sourcecode.cpp.cpp; name = NAND.cpp; path = develop/src/NAND.cpp; sourceTree = "<group>"; };
		DFA2F6AE15CB69600019C60F /* DeviceInfo.cpp */ = {isa = PBXFileReference; fileEncoding = 4; lastKnownFileType = sourcecode.cpp.cpp; name = DeviceInfo.cpp; path = develop/src/DeviceInfo.cpp; sourceTree = "<group>"; };
		DFA2F6B015CB69750019C60F /* DeviceInfo.h */ = {isa = PBXFileReference; fileEncoding = 4; lastKnownFileType = sourcecode.c.h; name = DeviceInfo.h; path = develop/include/DeviceInfo.h; sourceTree = "<group>"; };
		DFA2F6B115CB6A070019C60F /* NAND.h */ = {isa = PBXFileReference; fileEncoding = 4; lastKnownFileType = sourcecode.c.h; name = NAND.h; path = develop/include/NAND.h; sourceTree = "<group>"; };
		DFBEE6E615BFB16B00CB85BB /* NANDImage.h */ = {isa = PBXFileReference; fileEncoding = 4; lastKnownFileType = sourcecode.c.h; name = NANDImage.h; path = develop/include/NANDImage.h; sourceTree = "<group>"; };
		DFBEE6E715BFB16B00CB85BB /* NANDImageFlat.h */ = {isa = PBXFileReference; fileEncoding = 4; lastKnownFileType = sourcecode.c.h; name = NANDImageFlat.h; path = develop/include/NANDImageFlat.h; sourceTree = "<group>"; };
		DFC0F4CC15CFA6D600F12B19 /* libb64.a */ = {isa = PBXFileReference; lastKnownFileType = archive.ar; name = libb64.a; path = ../../../../../opt/local/lib/libb64.a; sourceTree = "<group>"; };
		DFCBEAAB15DDCE310088C5C0 /* AES.cpp */ = {isa = PBXFileReference; fileEncoding = 4; lastKnownFileType = sourcecode.cpp.cpp; name = AES.cpp; path = develop/src/AES.cpp; sourceTree = "<group>"; };
		DFCBEAAE15DDCE460088C5C0 /* AES.h */ = {isa = PBXFileReference; fileEncoding = 4; lastKnownFileType = sourcecode.c.h; name = AES.h; path = develop/include/AES.h; sourceTree = "<group>"; };
		DFCBEAAF15DDCEA20088C5C0 /* libcrypto.a */ = {isa = PBXFileReference; lastKnownFileType = archive.ar; name = libcrypto.a; path = ../../../../../opt/local/lib/libcrypto.a; sourceTree = "<group>"; };
		DFCED52D15B6760700D8CDAF /* nand */ = {isa = PBXFileReference; explicitFileType = "compiled.mach-o.executable"; includeInIndex = 0; path = nand; sourceTree = BUILT_PRODUCTS_DIR; };
		DFCED53115B6760700D8CDAF /* main.cpp */ = {isa = PBXFileReference; lastKnownFileType = sourcecode.cpp.cpp; path = main.cpp; sourceTree = "<group>"; };
		DFCED53315B6760700D8CDAF /* nand.1 */ = {isa = PBXFileReference; lastKnownFileType = text.man; path = nand.1; sourceTree = "<group>"; };
/* End PBXFileReference section */

/* Begin PBXFrameworksBuildPhase section */
		DFCED52A15B6760700D8CDAF /* Frameworks */ = {
			isa = PBXFrameworksBuildPhase;
			buildActionMask = 2147483647;
			files = (
				DF9F235A15E4A68900CC0A5C /* libz.a in Frameworks */,
				DFCBEAB015DDCEA20088C5C0 /* libcrypto.a in Frameworks */,
				DF2BA37815C288430075F300 /* libboost_filesystem-mt.a in Frameworks */,
				DF2BA37915C288430075F300 /* libboost_system-mt.a in Frameworks */,
				DFC0F4CD15CFA6D600F12B19 /* libb64.a in Frameworks */,
			);
			runOnlyForDeploymentPostprocessing = 0;
		};
/* End PBXFrameworksBuildPhase section */

/* Begin PBXGroup section */
		DFCED52215B6760700D8CDAF = {
			isa = PBXGroup;
			children = (
				DF9F235915E4A68900CC0A5C /* libz.a */,
				DFCBEAAF15DDCEA20088C5C0 /* libcrypto.a */,
				DFC0F4CC15CFA6D600F12B19 /* libb64.a */,
				DF2BA37615C288430075F300 /* libboost_filesystem-mt.a */,
				DF2BA37715C288430075F300 /* libboost_system-mt.a */,
				DFCED53015B6760700D8CDAF /* nand */,
				DFCED52E15B6760700D8CDAF /* Products */,
			);
			sourceTree = "<group>";
		};
		DFCED52E15B6760700D8CDAF /* Products */ = {
			isa = PBXGroup;
			children = (
				DFCED52D15B6760700D8CDAF /* nand */,
			);
			name = Products;
			sourceTree = "<group>";
		};
		DFCED53015B6760700D8CDAF /* nand */ = {
			isa = PBXGroup;
			children = (
				DF9D58771635609500295AB9 /* VFLBase.cpp */,
				DF9D58751635608800295AB9 /* VFLBase.h */,
				DF9E026C1622C42D00022874 /* VSVFL.h */,
				DF9E026D1622C42D00022874 /* YAFTL.h */,
				DF9E02691622C41F00022874 /* YAFTL.cpp */,
				DF6DC155161EB0C000513DC7 /* VSVFL.cpp */,
				DF3FC02E15ECC16100E4328D /* NANDUtil.cpp */,
				DF14A28C15EB6928008DB3A4 /* SCFG.cpp */,
				DF9F235C15E4B06E00CC0A5C /* EffaceableLocker.h */,
				DF95133015E3185500AE90E2 /* EffaceableLocker.cpp */,
				DFCBEAAE15DDCE460088C5C0 /* AES.h */,
				DFCBEAAB15DDCE310088C5C0 /* AES.cpp */,
				DFA2F6B115CB6A070019C60F /* NAND.h */,
				DFA2F6B015CB69750019C60F /* DeviceInfo.h */,
				DFA2F6AE15CB69600019C60F /* DeviceInfo.cpp */,
				DFA2F6AB15CB663C0019C60F /* NAND.cpp */,
				DFBEE6E615BFB16B00CB85BB /* NANDImage.h */,
				DFBEE6E715BFB16B00CB85BB /* NANDImageFlat.h */,
				DF8E086715BD3CE000C7C163 /* NANDImageRemote.cpp */,
				DF8E086815BD3CE000C7C163 /* NANDImageFlat.cpp */,
				DF8E086915BD3CE000C7C163 /* ByteBuffer.cpp */,
				DF431A0A15BCD5E400226580 /* PListParser.h */,
				DF431A0815BCD5C800226580 /* PListParser.cpp */,
				DFCED53115B6760700D8CDAF /* main.cpp */,
				DFCED53315B6760700D8CDAF /* nand.1 */,
			);
			path = nand;
			sourceTree = "<group>";
		};
/* End PBXGroup section */

/* Begin PBXNativeTarget section */
		DFCED52C15B6760700D8CDAF /* nand */ = {
			isa = PBXNativeTarget;
			buildConfigurationList = DFCED53715B6760700D8CDAF /* Build configuration list for PBXNativeTarget "nand" */;
			buildPhases = (
				DFCED52915B6760700D8CDAF /* Sources */,
				DFCED52A15B6760700D8CDAF /* Frameworks */,
				DFCED52B15B6760700D8CDAF /* CopyFiles */,
			);
			buildRules = (
			);
			dependencies = (
			);
			name = nand;
			productName = nand;
			productReference = DFCED52D15B6760700D8CDAF /* nand */;
			productType = "com.apple.product-type.tool";
		};
/* End PBXNativeTarget section */

/* Begin PBXProject section */
		DFCED52415B6760700D8CDAF /* Project object */ = {
			isa = PBXProject;
			attributes = {
				LastUpgradeCheck = 0450;
				ORGANIZATIONNAME = yielding;
			};
			buildConfigurationList = DFCED52715B6760700D8CDAF /* Build configuration list for PBXProject "nand" */;
			compatibilityVersion = "Xcode 3.2";
			developmentRegion = English;
			hasScannedForEncodings = 0;
			knownRegions = (
				en,
			);
			mainGroup = DFCED52215B6760700D8CDAF;
			productRefGroup = DFCED52E15B6760700D8CDAF /* Products */;
			projectDirPath = "";
			projectRoot = "";
			targets = (
				DFCED52C15B6760700D8CDAF /* nand */,
			);
		};
/* End PBXProject section */

/* Begin PBXSourcesBuildPhase section */
		DFCED52915B6760700D8CDAF /* Sources */ = {
			isa = PBXSourcesBuildPhase;
			buildActionMask = 2147483647;
			files = (
				DFCED53215B6760700D8CDAF /* main.cpp in Sources */,
				DF431A0915BCD5C800226580 /* PListParser.cpp in Sources */,
				DF8E086A15BD3CE000C7C163 /* NANDImageRemote.cpp in Sources */,
				DF8E086B15BD3CE000C7C163 /* NANDImageFlat.cpp in Sources */,
				DF8E086C15BD3CE000C7C163 /* ByteBuffer.cpp in Sources */,
				DFA2F6AC15CB663C0019C60F /* NAND.cpp in Sources */,
				DFA2F6AF15CB69600019C60F /* DeviceInfo.cpp in Sources */,
				DFCBEAAC15DDCE310088C5C0 /* AES.cpp in Sources */,
				DF95133115E3185500AE90E2 /* EffaceableLocker.cpp in Sources */,
				DF14A28D15EB6928008DB3A4 /* SCFG.cpp in Sources */,
				DF3FC02F15ECC16100E4328D /* NANDUtil.cpp in Sources */,
				DF6DC156161EB0C000513DC7 /* VSVFL.cpp in Sources */,
				DF9E026A1622C41F00022874 /* YAFTL.cpp in Sources */,
				DF9D58781635609500295AB9 /* VFLBase.cpp in Sources */,
			);
			runOnlyForDeploymentPostprocessing = 0;
		};
/* End PBXSourcesBuildPhase section */

/* Begin XCBuildConfiguration section */
		DFCED53515B6760700D8CDAF /* Debug */ = {
			isa = XCBuildConfiguration;
			buildSettings = {
				ALWAYS_SEARCH_USER_PATHS = NO;
				ARCHS = "$(ARCHS_STANDARD_64_BIT)";
				CLANG_CXX_LANGUAGE_STANDARD = "c++0x";
				CLANG_CXX_LIBRARY = "libstdc++";
				CLANG_WARN__DUPLICATE_METHOD_MATCH = YES;
				COPY_PHASE_STRIP = NO;
				GCC_C_LANGUAGE_STANDARD = gnu99;
				GCC_DYNAMIC_NO_PIC = NO;
				GCC_ENABLE_OBJC_EXCEPTIONS = YES;
				GCC_OPTIMIZATION_LEVEL = 0;
				GCC_PRECOMPILE_PREFIX_HEADER = YES;
				GCC_PREPROCESSOR_DEFINITIONS = (
					"DEBUG=1",
					"$(inherited)",
				);
				GCC_SYMBOLS_PRIVATE_EXTERN = NO;
				GCC_WARN_64_TO_32_BIT_CONVERSION = YES;
				GCC_WARN_ABOUT_RETURN_TYPE = YES;
				GCC_WARN_UNINITIALIZED_AUTOS = YES;
				GCC_WARN_UNUSED_VARIABLE = YES;
				HEADER_SEARCH_PATHS = (
					/Users/yielding/code/app/nand/nand/develop/vendor/include,
					/opt/local/include,
				);
				LD_RUNPATH_SEARCH_PATHS = "";
				LIBRARY_SEARCH_PATHS = /opt/local/lib;
				MACOSX_DEPLOYMENT_TARGET = 10.8;
				ONLY_ACTIVE_ARCH = YES;
				OTHER_CPLUSPLUSFLAGS = "$(DEVELOP)";
				SDKROOT = macosx;
				VALID_ARCHS = x86_64;
			};
			name = Debug;
		};
		DFCED53615B6760700D8CDAF /* Release */ = {
			isa = XCBuildConfiguration;
			buildSettings = {
				ALWAYS_SEARCH_USER_PATHS = NO;
				ARCHS = "$(ARCHS_STANDARD_64_BIT)";
				CLANG_CXX_LANGUAGE_STANDARD = "c++0x";
				CLANG_CXX_LIBRARY = "libstdc++";
				CLANG_WARN__DUPLICATE_METHOD_MATCH = YES;
				COPY_PHASE_STRIP = YES;
				DEBUG_INFORMATION_FORMAT = "dwarf-with-dsym";
				GCC_C_LANGUAGE_STANDARD = gnu99;
				GCC_ENABLE_OBJC_EXCEPTIONS = YES;
				GCC_PRECOMPILE_PREFIX_HEADER = YES;
				GCC_WARN_64_TO_32_BIT_CONVERSION = YES;
				GCC_WARN_ABOUT_RETURN_TYPE = YES;
				GCC_WARN_UNINITIALIZED_AUTOS = YES;
				GCC_WARN_UNUSED_VARIABLE = YES;
				HEADER_SEARCH_PATHS = (
					/Users/yielding/code/app/nand/nand/develop/vendor/include,
					/opt/local/include,
				);
				LD_RUNPATH_SEARCH_PATHS = "";
				LIBRARY_SEARCH_PATHS = /opt/local/lib;
				MACOSX_DEPLOYMENT_TARGET = 10.8;
				SDKROOT = macosx;
				VALID_ARCHS = x86_64;
			};
			name = Release;
		};
		DFCED53815B6760700D8CDAF /* Debug */ = {
			isa = XCBuildConfiguration;
			buildSettings = {
				HEADER_SEARCH_PATHS = (
					/opt/local/include,
					./nand/develop/include,
					./nand,
				);
				LIBRARY_SEARCH_PATHS = /opt/local/lib;
				PRODUCT_NAME = "$(TARGET_NAME)";
			};
			name = Debug;
		};
		DFCED53915B6760700D8CDAF /* Release */ = {
			isa = XCBuildConfiguration;
			buildSettings = {
				HEADER_SEARCH_PATHS = (
					/opt/local/include,
					./nand/develop/include,
					./nand,
				);
				LIBRARY_SEARCH_PATHS = /opt/local/lib;
				PRODUCT_NAME = "$(TARGET_NAME)";
			};
			name = Release;
		};
/* End XCBuildConfiguration section */

/* Begin XCConfigurationList section */
		DFCED52715B6760700D8CDAF /* Build configuration list for PBXProject "nand" */ = {
			isa = XCConfigurationList;
			buildConfigurations = (
				DFCED53515B6760700D8CDAF /* Debug */,
				DFCED53615B6760700D8CDAF /* Release */,
			);
			defaultConfigurationIsVisible = 0;
			defaultConfigurationName = Release;
		};
		DFCED53715B6760700D8CDAF /* Build configuration list for PBXNativeTarget "nand" */ = {
			isa = XCConfigurationList;
			buildConfigurations = (
				DFCED53815B6760700D8CDAF /* Debug */,
				DFCED53915B6760700D8CDAF /* Release */,
			);
			defaultConfigurationIsVisible = 0;
			defaultConfigurationName = Release;
		};
/* End XCConfigurationList section */
	};
	rootObject = DFCED52415B6760700D8CDAF /* Project object */;
}
