// !$*UTF8*$!
{
	archiveVersion = 1;
	classes = {
	};
	objectVersion = 46;
	objects = {

/* Begin PBXBuildFile section */
		DFB3E5CC145E3B9D00DD3BF6 /* main.cpp in Sources */ = {isa = PBXBuildFile; fileRef = DFB3E5CB145E3B9D00DD3BF6 /* main.cpp */; };
		DFB3E5CE145E3B9D00DD3BF6 /* ptree_parser.1 in CopyFiles */ = {isa = PBXBuildFile; fileRef = DFB3E5CD145E3B9D00DD3BF6 /* ptree_parser.1 */; };
		DFB3E5D5145E3BDD00DD3BF6 /* PTreeParser.cpp in Sources */ = {isa = PBXBuildFile; fileRef = DFB3E5D4145E3BDD00DD3BF6 /* PTreeParser.cpp */; };
/* End PBXBuildFile section */

/* Begin PBXCopyFilesBuildPhase section */
		DFB3E5C5145E3B9D00DD3BF6 /* CopyFiles */ = {
			isa = PBXCopyFilesBuildPhase;
			buildActionMask = 2147483647;
			dstPath = /usr/share/man/man1/;
			dstSubfolderSpec = 0;
			files = (
				DFB3E5CE145E3B9D00DD3BF6 /* ptree_parser.1 in CopyFiles */,
			);
			runOnlyForDeploymentPostprocessing = 1;
		};
/* End PBXCopyFilesBuildPhase section */

/* Begin PBXFileReference section */
		DFB3E5C7145E3B9D00DD3BF6 /* ptree_parser */ = {isa = PBXFileReference; explicitFileType = "compiled.mach-o.executable"; includeInIndex = 0; path = ptree_parser; sourceTree = BUILT_PRODUCTS_DIR; };
		DFB3E5CB145E3B9D00DD3BF6 /* main.cpp */ = {isa = PBXFileReference; lastKnownFileType = sourcecode.cpp.cpp; path = main.cpp; sourceTree = "<group>"; };
		DFB3E5CD145E3B9D00DD3BF6 /* ptree_parser.1 */ = {isa = PBXFileReference; lastKnownFileType = text.man; path = ptree_parser.1; sourceTree = "<group>"; };
		DFB3E5D4145E3BDD00DD3BF6 /* PTreeParser.cpp */ = {isa = PBXFileReference; explicitFileType = sourcecode.cpp.cpp; fileEncoding = 4; path = PTreeParser.cpp; sourceTree = "<group>"; };
		DFB3E5DC145E3F9B00DD3BF6 /* PTreeParser.h */ = {isa = PBXFileReference; fileEncoding = 4; lastKnownFileType = sourcecode.c.h; path = PTreeParser.h; sourceTree = "<group>"; };
/* End PBXFileReference section */

/* Begin PBXFrameworksBuildPhase section */
		DFB3E5C4145E3B9D00DD3BF6 /* Frameworks */ = {
			isa = PBXFrameworksBuildPhase;
			buildActionMask = 2147483647;
			files = (
			);
			runOnlyForDeploymentPostprocessing = 0;
		};
/* End PBXFrameworksBuildPhase section */

/* Begin PBXGroup section */
		DFB3E5BC145E3B9D00DD3BF6 = {
			isa = PBXGroup;
			children = (
				DFB3E5CA145E3B9D00DD3BF6 /* ptree_parser */,
				DFB3E5C8145E3B9D00DD3BF6 /* Products */,
			);
			sourceTree = "<group>";
		};
		DFB3E5C8145E3B9D00DD3BF6 /* Products */ = {
			isa = PBXGroup;
			children = (
				DFB3E5C7145E3B9D00DD3BF6 /* ptree_parser */,
			);
			name = Products;
			sourceTree = "<group>";
		};
		DFB3E5CA145E3B9D00DD3BF6 /* ptree_parser */ = {
			isa = PBXGroup;
			children = (
				DFB3E5DC145E3F9B00DD3BF6 /* PTreeParser.h */,
				DFB3E5D4145E3BDD00DD3BF6 /* PTreeParser.cpp */,
				DFB3E5CB145E3B9D00DD3BF6 /* main.cpp */,
				DFB3E5CD145E3B9D00DD3BF6 /* ptree_parser.1 */,
			);
			path = ptree_parser;
			sourceTree = "<group>";
		};
/* End PBXGroup section */

/* Begin PBXNativeTarget section */
		DFB3E5C6145E3B9D00DD3BF6 /* ptree_parser */ = {
			isa = PBXNativeTarget;
			buildConfigurationList = DFB3E5D1145E3B9D00DD3BF6 /* Build configuration list for PBXNativeTarget "ptree_parser" */;
			buildPhases = (
				DFB3E5C3145E3B9D00DD3BF6 /* Sources */,
				DFB3E5C4145E3B9D00DD3BF6 /* Frameworks */,
				DFB3E5C5145E3B9D00DD3BF6 /* CopyFiles */,
			);
			buildRules = (
			);
			dependencies = (
			);
			name = ptree_parser;
			productName = ptree_parser;
			productReference = DFB3E5C7145E3B9D00DD3BF6 /* ptree_parser */;
			productType = "com.apple.product-type.tool";
		};
/* End PBXNativeTarget section */

/* Begin PBXProject section */
		DFB3E5BE145E3B9D00DD3BF6 /* Project object */ = {
			isa = PBXProject;
			attributes = {
				LastUpgradeCheck = 0420;
				ORGANIZATIONNAME = heaven;
			};
			buildConfigurationList = DFB3E5C1145E3B9D00DD3BF6 /* Build configuration list for PBXProject "ptree_parser" */;
			compatibilityVersion = "Xcode 3.2";
			developmentRegion = English;
			hasScannedForEncodings = 0;
			knownRegions = (
				en,
			);
			mainGroup = DFB3E5BC145E3B9D00DD3BF6;
			productRefGroup = DFB3E5C8145E3B9D00DD3BF6 /* Products */;
			projectDirPath = "";
			projectRoot = "";
			targets = (
				DFB3E5C6145E3B9D00DD3BF6 /* ptree_parser */,
			);
		};
/* End PBXProject section */

/* Begin PBXSourcesBuildPhase section */
		DFB3E5C3145E3B9D00DD3BF6 /* Sources */ = {
			isa = PBXSourcesBuildPhase;
			buildActionMask = 2147483647;
			files = (
				DFB3E5CC145E3B9D00DD3BF6 /* main.cpp in Sources */,
				DFB3E5D5145E3BDD00DD3BF6 /* PTreeParser.cpp in Sources */,
			);
			runOnlyForDeploymentPostprocessing = 0;
		};
/* End PBXSourcesBuildPhase section */

/* Begin XCBuildConfiguration section */
		DFB3E5CF145E3B9D00DD3BF6 /* Debug */ = {
			isa = XCBuildConfiguration;
			buildSettings = {
				ALWAYS_SEARCH_USER_PATHS = NO;
				ARCHS = "$(ARCHS_STANDARD_64_BIT)";
				COPY_PHASE_STRIP = NO;
				GCC_C_LANGUAGE_STANDARD = gnu99;
				GCC_DYNAMIC_NO_PIC = NO;
				GCC_ENABLE_OBJC_EXCEPTIONS = YES;
				GCC_OPTIMIZATION_LEVEL = 0;
				GCC_PREPROCESSOR_DEFINITIONS = (
					"DEBUG=1",
					"$(inherited)",
				);
				GCC_SYMBOLS_PRIVATE_EXTERN = NO;
				GCC_VERSION = com.apple.compilers.llvm.clang.1_0;
				GCC_WARN_64_TO_32_BIT_CONVERSION = YES;
				GCC_WARN_ABOUT_MISSING_PROTOTYPES = YES;
				GCC_WARN_ABOUT_RETURN_TYPE = YES;
				GCC_WARN_UNUSED_VARIABLE = YES;
				MACOSX_DEPLOYMENT_TARGET = 10.7;
				ONLY_ACTIVE_ARCH = YES;
				SDKROOT = macosx;
			};
			name = Debug;
		};
		DFB3E5D0145E3B9D00DD3BF6 /* Release */ = {
			isa = XCBuildConfiguration;
			buildSettings = {
				ALWAYS_SEARCH_USER_PATHS = NO;
				ARCHS = "$(ARCHS_STANDARD_64_BIT)";
				COPY_PHASE_STRIP = YES;
				DEBUG_INFORMATION_FORMAT = "dwarf-with-dsym";
				GCC_C_LANGUAGE_STANDARD = gnu99;
				GCC_ENABLE_OBJC_EXCEPTIONS = YES;
				GCC_VERSION = com.apple.compilers.llvm.clang.1_0;
				GCC_WARN_64_TO_32_BIT_CONVERSION = YES;
				GCC_WARN_ABOUT_MISSING_PROTOTYPES = YES;
				GCC_WARN_ABOUT_RETURN_TYPE = YES;
				GCC_WARN_UNUSED_VARIABLE = YES;
				MACOSX_DEPLOYMENT_TARGET = 10.7;
				SDKROOT = macosx;
			};
			name = Release;
		};
		DFB3E5D2145E3B9D00DD3BF6 /* Debug */ = {
			isa = XCBuildConfiguration;
			buildSettings = {
				CLANG_CXX_LANGUAGE_STANDARD = "c++0x";
				CLANG_CXX_LIBRARY = "libstdc++";
				HEADER_SEARCH_PATHS = /opt/local/include;
				PRODUCT_NAME = "$(TARGET_NAME)";
			};
			name = Debug;
		};
		DFB3E5D3145E3B9D00DD3BF6 /* Release */ = {
			isa = XCBuildConfiguration;
			buildSettings = {
				CLANG_CXX_LANGUAGE_STANDARD = "c++0x";
				CLANG_CXX_LIBRARY = "libstdc++";
				HEADER_SEARCH_PATHS = /opt/local/include;
				PRODUCT_NAME = "$(TARGET_NAME)";
			};
			name = Release;
		};
/* End XCBuildConfiguration section */

/* Begin XCConfigurationList section */
		DFB3E5C1145E3B9D00DD3BF6 /* Build configuration list for PBXProject "ptree_parser" */ = {
			isa = XCConfigurationList;
			buildConfigurations = (
				DFB3E5CF145E3B9D00DD3BF6 /* Debug */,
				DFB3E5D0145E3B9D00DD3BF6 /* Release */,
			);
			defaultConfigurationIsVisible = 0;
			defaultConfigurationName = Release;
		};
		DFB3E5D1145E3B9D00DD3BF6 /* Build configuration list for PBXNativeTarget "ptree_parser" */ = {
			isa = XCConfigurationList;
			buildConfigurations = (
				DFB3E5D2145E3B9D00DD3BF6 /* Debug */,
				DFB3E5D3145E3B9D00DD3BF6 /* Release */,
			);
			defaultConfigurationIsVisible = 0;
		};
/* End XCConfigurationList section */
	};
	rootObject = DFB3E5BE145E3B9D00DD3BF6 /* Project object */;
}
