
Microsoft Visual Studio Solution File, Format Version 12.00
# Visual Studio Version 17
VisualStudioVersion = 17.5.002.0
MinimumVisualStudioVersion = 10.0.40219.1
Project("{9A19103F-16F7-4668-BE54-9A1E7A4F7556}") = "functional", "functional.csproj", "{C71AEB0A-F189-4510-8B02-797A5AA138F0}"
EndProject
Global
	GlobalSection(SolutionConfigurationPlatforms) = preSolution
		Debug|Any CPU = Debug|Any CPU
		Release|Any CPU = Release|Any CPU
	EndGlobalSection
	GlobalSection(ProjectConfigurationPlatforms) = postSolution
		{C71AEB0A-F189-4510-8B02-797A5AA138F0}.Debug|Any CPU.ActiveCfg = Debug|Any CPU
		{C71AEB0A-F189-4510-8B02-797A5AA138F0}.Debug|Any CPU.Build.0 = Debug|Any CPU
		{C71AEB0A-F189-4510-8B02-797A5AA138F0}.Release|Any CPU.ActiveCfg = Release|Any CPU
		{C71AEB0A-F189-4510-8B02-797A5AA138F0}.Release|Any CPU.Build.0 = Release|Any CPU
	EndGlobalSection
	GlobalSection(SolutionProperties) = preSolution
		HideSolutionNode = FALSE
	EndGlobalSection
	GlobalSection(ExtensibilityGlobals) = postSolution
		SolutionGuid = {850790BA-3445-4701-937B-F5E7BEDB1615}
	EndGlobalSection
EndGlobal
