Microsoft Visual Studio Solution File, Format Version 8.00
Project("{8BC9CEB8-8B4A-11D0-8D11-00A0C91BC942}") = "atl", "atl.vcproj", "{CD4121A4-4C7B-4848-8222-2AFC96F2D50C}"
	ProjectSection(ProjectDependencies) = postProject
	EndProjectSection
EndProject
Global
	GlobalSection(SolutionConfiguration) = preSolution
		Debug = Debug
		Release = Release
	EndGlobalSection
	GlobalSection(ProjectConfiguration) = postSolution
		{CD4121A4-4C7B-4848-8222-2AFC96F2D50C}.Debug.ActiveCfg = Debug|Win32
		{CD4121A4-4C7B-4848-8222-2AFC96F2D50C}.Debug.Build.0 = Debug|Win32
		{CD4121A4-4C7B-4848-8222-2AFC96F2D50C}.Release.ActiveCfg = Release|Win32
		{CD4121A4-4C7B-4848-8222-2AFC96F2D50C}.Release.Build.0 = Release|Win32
	EndGlobalSection
	GlobalSection(ExtensibilityGlobals) = postSolution
	EndGlobalSection
	GlobalSection(ExtensibilityAddIns) = postSolution
	EndGlobalSection
EndGlobal
