
Microsoft Visual Studio Solution File, Format Version 9.00
# Visual Studio 2005
Project("{8BC9CEB8-8B4A-11D0-8D11-00A0C91BC942}") = "driver", "driver.vcproj", "{E5B30720-B4A3-490F-8092-8E419671D618}"
EndProject
Global
	GlobalSection(SolutionConfigurationPlatforms) = preSolution
		Debug|Win32 = Debug|Win32
		Release|Win32 = Release|Win32
	EndGlobalSection
	GlobalSection(ProjectConfigurationPlatforms) = postSolution
		{E5B30720-B4A3-490F-8092-8E419671D618}.Debug|Win32.ActiveCfg = Debug|Win32
		{E5B30720-B4A3-490F-8092-8E419671D618}.Debug|Win32.Build.0 = Debug|Win32
		{E5B30720-B4A3-490F-8092-8E419671D618}.Release|Win32.ActiveCfg = Release|Win32
		{E5B30720-B4A3-490F-8092-8E419671D618}.Release|Win32.Build.0 = Release|Win32
	EndGlobalSection
	GlobalSection(SolutionProperties) = preSolution
		HideSolutionNode = FALSE
	EndGlobalSection
EndGlobal
