// !$*UTF8*$!
{
	archiveVersion = 1;
	classes = {
	};
	objectVersion = 46;
	objects = {

/* Begin PBXBuildFile section */
		DF1117F114DB726700363D88 /* attribute_btree.cpp in Sources */ = {isa = PBXBuildFile; fileRef = DF1117EF14DB726700363D88 /* attribute_btree.cpp */; };
		DF12D82D14D8D15200D9B578 /* unicode_compare.cpp in Sources */ = {isa = PBXBuildFile; fileRef = DF12D82C14D8D15200D9B578 /* unicode_compare.cpp */; };
		DF12D83114D9026600D9B578 /* extents_btree.cpp in Sources */ = {isa = PBXBuildFile; fileRef = DF12D82F14D9026600D9B578 /* extents_btree.cpp */; };
		DF97ADDF14C01ED700739F5A /* main.cpp in Sources */ = {isa = PBXBuildFile; fileRef = DF97ADDE14C01ED700739F5A /* main.cpp */; };
		DF97ADE114C01ED700739F5A /* hfsplus.1 in CopyFiles */ = {isa = PBXBuildFile; fileRef = DF97ADE014C01ED700739F5A /* hfsplus.1 */; };
		DF97ADF114C01F2F00739F5A /* catalog_btree.cpp in Sources */ = {isa = PBXBuildFile; fileRef = DF97ADE714C01F2F00739F5A /* catalog_btree.cpp */; };
		DF97ADF214C01F2F00739F5A /* emf_file.cpp in Sources */ = {isa = PBXBuildFile; fileRef = DF97ADE914C01F2F00739F5A /* emf_file.cpp */; };
		DF97ADF314C01F2F00739F5A /* emf_volume.cpp in Sources */ = {isa = PBXBuildFile; fileRef = DF97ADEA14C01F2F00739F5A /* emf_volume.cpp */; };
		DF97ADF414C01F2F00739F5A /* hfs_file.cpp in Sources */ = {isa = PBXBuildFile; fileRef = DF97ADEB14C01F2F00739F5A /* hfs_file.cpp */; };
		DF97ADF514C01F2F00739F5A /* hfs_header.cpp in Sources */ = {isa = PBXBuildFile; fileRef = DF97ADED14C01F2F00739F5A /* hfs_header.cpp */; };
		DF97ADF614C01F2F00739F5A /* hfs_volume.cpp in Sources */ = {isa = PBXBuildFile; fileRef = DF97ADEE14C01F2F00739F5A /* hfs_volume.cpp */; };
		DF97ADF714C01F2F00739F5A /* journal.cpp in Sources */ = {isa = PBXBuildFile; fileRef = DF97ADF014C01F2F00739F5A /* journal.cpp */; };
		DF97ADFE14C0202000739F5A /* libboost_filesystem-mt.a in Frameworks */ = {isa = PBXBuildFile; fileRef = DF97ADFD14C0202000739F5A /* libboost_filesystem-mt.a */; };
		DF97AE0014C0202900739F5A /* libboost_system-mt.a in Frameworks */ = {isa = PBXBuildFile; fileRef = DF97ADFF14C0202900739F5A /* libboost_system-mt.a */; };
		DF97AE0414C020D000739F5A /* ByteBuffer.cpp in Sources */ = {isa = PBXBuildFile; fileRef = DF97AE0314C020D000739F5A /* ByteBuffer.cpp */; };
		DFE2117814DF9A2E004B7B52 /* PTreeParser.cpp in Sources */ = {isa = PBXBuildFile; fileRef = DFE2117714DF9A2E004B7B52 /* PTreeParser.cpp */; };
		DFE2117C14DFA14D004B7B52 /* HexUtil.cpp in Sources */ = {isa = PBXBuildFile; fileRef = DFE2117B14DFA14D004B7B52 /* HexUtil.cpp */; };
		DFE2117E14DFA332004B7B52 /* libssl.a in Frameworks */ = {isa = PBXBuildFile; fileRef = DFE2117D14DFA332004B7B52 /* libssl.a */; };
		DFE2118014DFA458004B7B52 /* libcrypto.a in Frameworks */ = {isa = PBXBuildFile; fileRef = DFE2117F14DFA458004B7B52 /* libcrypto.a */; };
/* End PBXBuildFile section */

/* Begin PBXCopyFilesBuildPhase section */
		DF97ADD814C01ED700739F5A /* CopyFiles */ = {
			isa = PBXCopyFilesBuildPhase;
			buildActionMask = 2147483647;
			dstPath = /usr/share/man/man1/;
			dstSubfolderSpec = 0;
			files = (
				DF97ADE114C01ED700739F5A /* hfsplus.1 in CopyFiles */,
			);
			runOnlyForDeploymentPostprocessing = 1;
		};
/* End PBXCopyFilesBuildPhase section */

/* Begin PBXFileReference section */
		DF0047F614DB5DC700C2B218 /* emf_volume.h */ = {isa = PBXFileReference; fileEncoding = 4; lastKnownFileType = sourcecode.c.h; path = emf_volume.h; sourceTree = "<group>"; };
		DF1117EF14DB726700363D88 /* attribute_btree.cpp */ = {isa = PBXFileReference; fileEncoding = 4; lastKnownFileType = sourcecode.cpp.cpp; path = attribute_btree.cpp; sourceTree = "<group>"; };
		DF1117F014DB726700363D88 /* attribute_btree.h */ = {isa = PBXFileReference; fileEncoding = 4; lastKnownFileType = sourcecode.c.h; path = attribute_btree.h; sourceTree = "<group>"; };
		DF12D82C14D8D15200D9B578 /* unicode_compare.cpp */ = {isa = PBXFileReference; fileEncoding = 4; lastKnownFileType = sourcecode.cpp.cpp; path = unicode_compare.cpp; sourceTree = "<group>"; };
		DF12D82F14D9026600D9B578 /* extents_btree.cpp */ = {isa = PBXFileReference; fileEncoding = 4; lastKnownFileType = sourcecode.cpp.cpp; path = extents_btree.cpp; sourceTree = "<group>"; };
		DF12D83014D9026600D9B578 /* extents_btree.h */ = {isa = PBXFileReference; fileEncoding = 4; lastKnownFileType = sourcecode.c.h; path = extents_btree.h; sourceTree = "<group>"; };
		DF13C20314D766AF0027BB8A /* hfs_volume.h */ = {isa = PBXFileReference; fileEncoding = 4; lastKnownFileType = sourcecode.c.h; path = hfs_volume.h; sourceTree = "<group>"; };
		DF97ADDA14C01ED700739F5A /* hfsplus */ = {isa = PBXFileReference; explicitFileType = "compiled.mach-o.executable"; includeInIndex = 0; path = hfsplus; sourceTree = BUILT_PRODUCTS_DIR; };
		DF97ADDE14C01ED700739F5A /* main.cpp */ = {isa = PBXFileReference; lastKnownFileType = sourcecode.cpp.cpp; path = main.cpp; sourceTree = "<group>"; };
		DF97ADE014C01ED700739F5A /* hfsplus.1 */ = {isa = PBXFileReference; lastKnownFileType = text.man; path = hfsplus.1; sourceTree = "<group>"; };
		DF97ADE714C01F2F00739F5A /* catalog_btree.cpp */ = {isa = PBXFileReference; fileEncoding = 4; lastKnownFileType = sourcecode.cpp.cpp; path = catalog_btree.cpp; sourceTree = "<group>"; };
		DF97ADE814C01F2F00739F5A /* catalog_btree.h */ = {isa = PBXFileReference; fileEncoding = 4; lastKnownFileType = sourcecode.c.h; path = catalog_btree.h; sourceTree = "<group>"; };
		DF97ADE914C01F2F00739F5A /* emf_file.cpp */ = {isa = PBXFileReference; fileEncoding = 4; lastKnownFileType = sourcecode.cpp.cpp; path = emf_file.cpp; sourceTree = "<group>"; };
		DF97ADEA14C01F2F00739F5A /* emf_volume.cpp */ = {isa = PBXFileReference; fileEncoding = 4; lastKnownFileType = sourcecode.cpp.cpp; path = emf_volume.cpp; sourceTree = "<group>"; };
		DF97ADEB14C01F2F00739F5A /* hfs_file.cpp */ = {isa = PBXFileReference; fileEncoding = 4; lastKnownFileType = sourcecode.cpp.cpp; path = hfs_file.cpp; sourceTree = "<group>"; };
		DF97ADEC14C01F2F00739F5A /* hfs_file.h */ = {isa = PBXFileReference; fileEncoding = 4; lastKnownFileType = sourcecode.c.h; path = hfs_file.h; sourceTree = "<group>"; };
		DF97ADED14C01F2F00739F5A /* hfs_header.cpp */ = {isa = PBXFileReference; fileEncoding = 4; lastKnownFileType = sourcecode.cpp.cpp; path = hfs_header.cpp; sourceTree = "<group>"; };
		DF97ADEE14C01F2F00739F5A /* hfs_volume.cpp */ = {isa = PBXFileReference; fileEncoding = 4; lastKnownFileType = sourcecode.cpp.cpp; path = hfs_volume.cpp; sourceTree = "<group>"; };
		DF97ADEF14C01F2F00739F5A /* hfs.h */ = {isa = PBXFileReference; fileEncoding = 4; lastKnownFileType = sourcecode.c.h; path = hfs.h; sourceTree = "<group>"; };
		DF97ADF014C01F2F00739F5A /* journal.cpp */ = {isa = PBXFileReference; fileEncoding = 4; lastKnownFileType = sourcecode.cpp.cpp; path = journal.cpp; sourceTree = "<group>"; };
		DF97ADFD14C0202000739F5A /* libboost_filesystem-mt.a */ = {isa = PBXFileReference; lastKnownFileType = archive.ar; name = "libboost_filesystem-mt.a"; path = "../../../../../opt/local/lib/libboost_filesystem-mt.a"; sourceTree = "<group>"; };
		DF97ADFF14C0202900739F5A /* libboost_system-mt.a */ = {isa = PBXFileReference; lastKnownFileType = archive.ar; name = "libboost_system-mt.a"; path = "../../../../../opt/local/lib/libboost_system-mt.a"; sourceTree = "<group>"; };
		DF97AE0314C020D000739F5A /* ByteBuffer.cpp */ = {isa = PBXFileReference; fileEncoding = 4; lastKnownFileType = sourcecode.cpp.cpp; name = ByteBuffer.cpp; path = develop/src/ByteBuffer.cpp; sourceTree = "<group>"; };
		DFA0510314C0225E000B475C /* ByteBuffer.h */ = {isa = PBXFileReference; fileEncoding = 4; lastKnownFileType = sourcecode.c.h; name = ByteBuffer.h; path = develop/include/ByteBuffer.h; sourceTree = "<group>"; };
		DFA3A3A914C3F09200421E54 /* btree.h */ = {isa = PBXFileReference; fileEncoding = 4; lastKnownFileType = sourcecode.c.h; path = btree.h; sourceTree = "<group>"; };
		DFE2117714DF9A2E004B7B52 /* PTreeParser.cpp */ = {isa = PBXFileReference; fileEncoding = 4; lastKnownFileType = sourcecode.cpp.cpp; name = PTreeParser.cpp; path = develop/src/PTreeParser.cpp; sourceTree = "<group>"; };
		DFE2117A14DF9A69004B7B52 /* PTreeParser.h */ = {isa = PBXFileReference; fileEncoding = 4; lastKnownFileType = sourcecode.c.h; name = PTreeParser.h; path = develop/include/PTreeParser.h; sourceTree = "<group>"; };
		DFE2117B14DFA14D004B7B52 /* HexUtil.cpp */ = {isa = PBXFileReference; fileEncoding = 4; lastKnownFileType = sourcecode.cpp.cpp; name = HexUtil.cpp; path = develop/src/HexUtil.cpp; sourceTree = "<group>"; };
		DFE2117D14DFA332004B7B52 /* libssl.a */ = {isa = PBXFileReference; lastKnownFileType = archive.ar; name = libssl.a; path = ../../../../../opt/local/lib/libssl.a; sourceTree = "<group>"; };
		DFE2117F14DFA458004B7B52 /* libcrypto.a */ = {isa = PBXFileReference; lastKnownFileType = archive.ar; name = libcrypto.a; path = ../../../../../opt/local/lib/libcrypto.a; sourceTree = "<group>"; };
		DFEF0E3614E0ACC300D64E14 /* emf_file.h */ = {isa = PBXFileReference; fileEncoding = 4; lastKnownFileType = sourcecode.c.h; path = emf_file.h; sourceTree = "<group>"; };
		DFEF0E3714E0ACC300D64E14 /* emf.h */ = {isa = PBXFileReference; fileEncoding = 4; lastKnownFileType = sourcecode.c.h; path = emf.h; sourceTree = "<group>"; };
/* End PBXFileReference section */

/* Begin PBXFrameworksBuildPhase section */
		DF97ADD714C01ED700739F5A /* Frameworks */ = {
			isa = PBXFrameworksBuildPhase;
			buildActionMask = 2147483647;
			files = (
				DF97ADFE14C0202000739F5A /* libboost_filesystem-mt.a in Frameworks */,
				DF97AE0014C0202900739F5A /* libboost_system-mt.a in Frameworks */,
				DFE2117E14DFA332004B7B52 /* libssl.a in Frameworks */,
				DFE2118014DFA458004B7B52 /* libcrypto.a in Frameworks */,
			);
			runOnlyForDeploymentPostprocessing = 0;
		};
/* End PBXFrameworksBuildPhase section */

/* Begin PBXGroup section */
		DF97ADCF14C01ED700739F5A = {
			isa = PBXGroup;
			children = (
				DF97ADFD14C0202000739F5A /* libboost_filesystem-mt.a */,
				DFE2117D14DFA332004B7B52 /* libssl.a */,
				DFE2117F14DFA458004B7B52 /* libcrypto.a */,
				DF97ADFF14C0202900739F5A /* libboost_system-mt.a */,
				DF97ADDD14C01ED700739F5A /* hfsplus */,
				DF97ADDB14C01ED700739F5A /* Products */,
			);
			sourceTree = "<group>";
		};
		DF97ADDB14C01ED700739F5A /* Products */ = {
			isa = PBXGroup;
			children = (
				DF97ADDA14C01ED700739F5A /* hfsplus */,
			);
			name = Products;
			sourceTree = "<group>";
		};
		DF97ADDD14C01ED700739F5A /* hfsplus */ = {
			isa = PBXGroup;
			children = (
				DFA0510514C02269000B475C /* develop */,
				DFEF0E3614E0ACC300D64E14 /* emf_file.h */,
				DFEF0E3714E0ACC300D64E14 /* emf.h */,
				DF1117EF14DB726700363D88 /* attribute_btree.cpp */,
				DF1117F014DB726700363D88 /* attribute_btree.h */,
				DF0047F614DB5DC700C2B218 /* emf_volume.h */,
				DF12D82F14D9026600D9B578 /* extents_btree.cpp */,
				DF12D83014D9026600D9B578 /* extents_btree.h */,
				DF12D82C14D8D15200D9B578 /* unicode_compare.cpp */,
				DF97ADE714C01F2F00739F5A /* catalog_btree.cpp */,
				DFA3A3A914C3F09200421E54 /* btree.h */,
				DF97ADE814C01F2F00739F5A /* catalog_btree.h */,
				DF97ADE914C01F2F00739F5A /* emf_file.cpp */,
				DF97ADEA14C01F2F00739F5A /* emf_volume.cpp */,
				DF97ADEB14C01F2F00739F5A /* hfs_file.cpp */,
				DF97ADEC14C01F2F00739F5A /* hfs_file.h */,
				DF97ADED14C01F2F00739F5A /* hfs_header.cpp */,
				DF13C20314D766AF0027BB8A /* hfs_volume.h */,
				DF97ADEE14C01F2F00739F5A /* hfs_volume.cpp */,
				DF97ADEF14C01F2F00739F5A /* hfs.h */,
				DF97ADF014C01F2F00739F5A /* journal.cpp */,
				DF97ADDE14C01ED700739F5A /* main.cpp */,
				DF97ADE014C01ED700739F5A /* hfsplus.1 */,
			);
			path = hfsplus;
			sourceTree = "<group>";
		};
		DFA0510514C02269000B475C /* develop */ = {
			isa = PBXGroup;
			children = (
				DFE2117B14DFA14D004B7B52 /* HexUtil.cpp */,
				DFE2117A14DF9A69004B7B52 /* PTreeParser.h */,
				DFE2117714DF9A2E004B7B52 /* PTreeParser.cpp */,
				DF97AE0314C020D000739F5A /* ByteBuffer.cpp */,
				DFA0510314C0225E000B475C /* ByteBuffer.h */,
			);
			name = develop;
			sourceTree = "<group>";
		};
/* End PBXGroup section */

/* Begin PBXNativeTarget section */
		DF97ADD914C01ED700739F5A /* hfsplus */ = {
			isa = PBXNativeTarget;
			buildConfigurationList = DF97ADE414C01ED700739F5A /* Build configuration list for PBXNativeTarget "hfsplus" */;
			buildPhases = (
				DF97ADD614C01ED700739F5A /* Sources */,
				DF97ADD714C01ED700739F5A /* Frameworks */,
				DF97ADD814C01ED700739F5A /* CopyFiles */,
			);
			buildRules = (
			);
			dependencies = (
			);
			name = hfsplus;
			productName = hfsplus;
			productReference = DF97ADDA14C01ED700739F5A /* hfsplus */;
			productType = "com.apple.product-type.tool";
		};
/* End PBXNativeTarget section */

/* Begin PBXProject section */
		DF97ADD114C01ED700739F5A /* Project object */ = {
			isa = PBXProject;
			attributes = {
				LastUpgradeCheck = 0430;
				ORGANIZATIONNAME = heaven;
			};
			buildConfigurationList = DF97ADD414C01ED700739F5A /* Build configuration list for PBXProject "hfsplus" */;
			compatibilityVersion = "Xcode 3.2";
			developmentRegion = English;
			hasScannedForEncodings = 0;
			knownRegions = (
				en,
			);
			mainGroup = DF97ADCF14C01ED700739F5A;
			productRefGroup = DF97ADDB14C01ED700739F5A /* Products */;
			projectDirPath = "";
			projectRoot = "";
			targets = (
				DF97ADD914C01ED700739F5A /* hfsplus */,
			);
		};
/* End PBXProject section */

/* Begin PBXSourcesBuildPhase section */
		DF97ADD614C01ED700739F5A /* Sources */ = {
			isa = PBXSourcesBuildPhase;
			buildActionMask = 2147483647;
			files = (
				DF97ADDF14C01ED700739F5A /* main.cpp in Sources */,
				DF97ADF114C01F2F00739F5A /* catalog_btree.cpp in Sources */,
				DF97ADF214C01F2F00739F5A /* emf_file.cpp in Sources */,
				DF97ADF314C01F2F00739F5A /* emf_volume.cpp in Sources */,
				DF97ADF414C01F2F00739F5A /* hfs_file.cpp in Sources */,
				DF97ADF514C01F2F00739F5A /* hfs_header.cpp in Sources */,
				DF97ADF614C01F2F00739F5A /* hfs_volume.cpp in Sources */,
				DF97ADF714C01F2F00739F5A /* journal.cpp in Sources */,
				DF97AE0414C020D000739F5A /* ByteBuffer.cpp in Sources */,
				DF12D82D14D8D15200D9B578 /* unicode_compare.cpp in Sources */,
				DF12D83114D9026600D9B578 /* extents_btree.cpp in Sources */,
				DF1117F114DB726700363D88 /* attribute_btree.cpp in Sources */,
				DFE2117814DF9A2E004B7B52 /* PTreeParser.cpp in Sources */,
				DFE2117C14DFA14D004B7B52 /* HexUtil.cpp in Sources */,
			);
			runOnlyForDeploymentPostprocessing = 0;
		};
/* End PBXSourcesBuildPhase section */

/* Begin XCBuildConfiguration section */
		DF97ADE214C01ED700739F5A /* Debug */ = {
			isa = XCBuildConfiguration;
			buildSettings = {
				ALWAYS_SEARCH_USER_PATHS = NO;
				ARCHS = "$(ARCHS_STANDARD_64_BIT)";
				COPY_PHASE_STRIP = NO;
				GCC_C_LANGUAGE_STANDARD = gnu99;
				GCC_DYNAMIC_NO_PIC = NO;
				GCC_ENABLE_OBJC_EXCEPTIONS = YES;
				GCC_OPTIMIZATION_LEVEL = 0;
				GCC_PREPROCESSOR_DEFINITIONS = (
					"DEBUG=1",
					"$(inherited)",
				);
				GCC_SYMBOLS_PRIVATE_EXTERN = NO;
				GCC_VERSION = com.apple.compilers.llvm.clang.1_0;
				GCC_WARN_64_TO_32_BIT_CONVERSION = YES;
				GCC_WARN_ABOUT_MISSING_PROTOTYPES = YES;
				GCC_WARN_ABOUT_RETURN_TYPE = YES;
				GCC_WARN_UNUSED_VARIABLE = YES;
				MACOSX_DEPLOYMENT_TARGET = 10.7;
				ONLY_ACTIVE_ARCH = YES;
				SDKROOT = macosx;
			};
			name = Debug;
		};
		DF97ADE314C01ED700739F5A /* Release */ = {
			isa = XCBuildConfiguration;
			buildSettings = {
				ALWAYS_SEARCH_USER_PATHS = NO;
				ARCHS = "$(ARCHS_STANDARD_64_BIT)";
				COPY_PHASE_STRIP = YES;
				DEBUG_INFORMATION_FORMAT = "dwarf-with-dsym";
				GCC_C_LANGUAGE_STANDARD = gnu99;
				GCC_ENABLE_OBJC_EXCEPTIONS = YES;
				GCC_VERSION = com.apple.compilers.llvm.clang.1_0;
				GCC_WARN_64_TO_32_BIT_CONVERSION = YES;
				GCC_WARN_ABOUT_MISSING_PROTOTYPES = YES;
				GCC_WARN_ABOUT_RETURN_TYPE = YES;
				GCC_WARN_UNUSED_VARIABLE = YES;
				MACOSX_DEPLOYMENT_TARGET = 10.7;
				SDKROOT = macosx;
			};
			name = Release;
		};
		DF97ADE514C01ED700739F5A /* Debug */ = {
			isa = XCBuildConfiguration;
			buildSettings = {
				CLANG_CXX_LANGUAGE_STANDARD = "c++0x";
				HEADER_SEARCH_PATHS = /opt/local/include;
				LIBRARY_SEARCH_PATHS = (
					"$(inherited)",
					/opt/local/lib,
				);
				PRODUCT_NAME = "$(TARGET_NAME)";
				USER_HEADER_SEARCH_PATHS = hfsplus/develop/include;
			};
			name = Debug;
		};
		DF97ADE614C01ED700739F5A /* Release */ = {
			isa = XCBuildConfiguration;
			buildSettings = {
				CLANG_CXX_LANGUAGE_STANDARD = "c++0x";
				HEADER_SEARCH_PATHS = /opt/local/include;
				LIBRARY_SEARCH_PATHS = (
					"$(inherited)",
					/opt/local/lib,
				);
				PRODUCT_NAME = "$(TARGET_NAME)";
				USER_HEADER_SEARCH_PATHS = hfsplus/develop/include;
			};
			name = Release;
		};
/* End XCBuildConfiguration section */

/* Begin XCConfigurationList section */
		DF97ADD414C01ED700739F5A /* Build configuration list for PBXProject "hfsplus" */ = {
			isa = XCConfigurationList;
			buildConfigurations = (
				DF97ADE214C01ED700739F5A /* Debug */,
				DF97ADE314C01ED700739F5A /* Release */,
			);
			defaultConfigurationIsVisible = 0;
			defaultConfigurationName = Release;
		};
		DF97ADE414C01ED700739F5A /* Build configuration list for PBXNativeTarget "hfsplus" */ = {
			isa = XCConfigurationList;
			buildConfigurations = (
				DF97ADE514C01ED700739F5A /* Debug */,
				DF97ADE614C01ED700739F5A /* Release */,
			);
			defaultConfigurationIsVisible = 0;
			defaultConfigurationName = Release;
		};
/* End XCConfigurationList section */
	};
	rootObject = DF97ADD114C01ED700739F5A /* Project object */;
}
